
Microsoft Visual Studio Solution File, Format Version 12.00
Project("{FAE04EC0-301F-11D3-BF4B-00C04F79EFBC}") = "ApiOnDemand.Api", "ApiOnDemand.Api\ApiOnDemand.Api.csproj", "{C50BFBE1-02DE-4FBE-865A-D1BBF006CBFB}"
EndProject
Project("{FAE04EC0-301F-11D3-BF4B-00C04F79EFBC}") = "ApiOnDemand.Domain", "ApiOnDemand.Domain\ApiOnDemand.Domain.csproj", "{FE7D4A60-D3EC-4E36-A08C-DB5DC298C989}"
EndProject
Global
	GlobalSection(SolutionConfigurationPlatforms) = preSolution
		Debug|Any CPU = Debug|Any CPU
		Release|Any CPU = Release|Any CPU
	EndGlobalSection
	GlobalSection(ProjectConfigurationPlatforms) = postSolution
		{C50BFBE1-02DE-4FBE-865A-D1BBF006CBFB}.Debug|Any CPU.ActiveCfg = Debug|Any CPU
		{C50BFBE1-02DE-4FBE-865A-D1BBF006CBFB}.Debug|Any CPU.Build.0 = Debug|Any CPU
		{C50BFBE1-02DE-4FBE-865A-D1BBF006CBFB}.Release|Any CPU.ActiveCfg = Release|Any CPU
		{C50BFBE1-02DE-4FBE-865A-D1BBF006CBFB}.Release|Any CPU.Build.0 = Release|Any CPU
		{FE7D4A60-D3EC-4E36-A08C-DB5DC298C989}.Debug|Any CPU.ActiveCfg = Debug|Any CPU
		{FE7D4A60-D3EC-4E36-A08C-DB5DC298C989}.Debug|Any CPU.Build.0 = Debug|Any CPU
		{FE7D4A60-D3EC-4E36-A08C-DB5DC298C989}.Release|Any CPU.ActiveCfg = Release|Any CPU
		{FE7D4A60-D3EC-4E36-A08C-DB5DC298C989}.Release|Any CPU.Build.0 = Release|Any CPU
	EndGlobalSection
EndGlobal
